
Microsoft Visual Studio Solution File, Format Version 12.00
# Visual Studio Version 16
VisualStudioVersion = 16.0.31424.327
MinimumVisualStudioVersion = 10.0.40219.1
Project("{FAE04EC0-301F-11D3-BF4B-00C04F79EFBC}") = "PictureToSQL", "PictureToSQL\PictureToSQL.csproj", "{52D6FA97-5A61-4A92-87CF-BB019C83C3EA}"
EndProject
Global
	GlobalSection(SolutionConfigurationPlatforms) = preSolution
		Debug|Any CPU = Debug|Any CPU
		Release|Any CPU = Release|Any CPU
	EndGlobalSection
	GlobalSection(ProjectConfigurationPlatforms) = postSolution
		{52D6FA97-5A61-4A92-87CF-BB019C83C3EA}.Debug|Any CPU.ActiveCfg = Debug|Any CPU
		{52D6FA97-5A61-4A92-87CF-BB019C83C3EA}.Debug|Any CPU.Build.0 = Debug|Any CPU
		{52D6FA97-5A61-4A92-87CF-BB019C83C3EA}.Release|Any CPU.ActiveCfg = Release|Any CPU
		{52D6FA97-5A61-4A92-87CF-BB019C83C3EA}.Release|Any CPU.Build.0 = Release|Any CPU
	EndGlobalSection
	GlobalSection(SolutionProperties) = preSolution
		HideSolutionNode = FALSE
	EndGlobalSection
	GlobalSection(ExtensibilityGlobals) = postSolution
		SolutionGuid = {6914406E-5F18-4EAC-9B02-59411B4AA9CC}
	EndGlobalSection
EndGlobal
